<Solution>
  <Folder Name="/Solution Items/">
    <File Path="README.md" />
  </Folder>
  <Project Path="ProductAPI.API/ProductAPI.API.csproj" />
  <Project Path="ProductAPI.Application/ProductAPI.Application.csproj" />
  <Project Path="ProductAPI.Domain/ProductAPI.Domain.csproj" />
  <Project Path="ProductAPI.Infrastructure/ProductAPI.Infrastructure.csproj" />
  <Project Path="ProductAPI.Shared/ProductAPI.Shared.csproj" />
</Solution>
